
Microsoft Visual Studio Solution File, Format Version 12.00
# Visual Studio Version 16
VisualStudioVersion = 16.0.31911.196
MinimumVisualStudioVersion = 10.0.40219.1
Project("{9A19103F-16F7-4668-BE54-9A1E7A4F7556}") = "WPFapp", "WPFapp\WPFapp.csproj", "{167C1E1A-B992-4725-8EA9-B9E5E2986F32}"
EndProject
Project("{FAE04EC0-301F-11D3-BF4B-00C04F79EFBC}") = "ConsoleAppList", "..\ConsoleAppList\ConsoleAppList.csproj", "{8C1F4DCF-2DD2-4280-846D-9138698C1FC5}"
EndProject
Global
	GlobalSection(SolutionConfigurationPlatforms) = preSolution
		Debug|Any CPU = Debug|Any CPU
		Release|Any CPU = Release|Any CPU
	EndGlobalSection
	GlobalSection(ProjectConfigurationPlatforms) = postSolution
		{167C1E1A-B992-4725-8EA9-B9E5E2986F32}.Debug|Any CPU.ActiveCfg = Debug|Any CPU
		{167C1E1A-B992-4725-8EA9-B9E5E2986F32}.Debug|Any CPU.Build.0 = Debug|Any CPU
		{167C1E1A-B992-4725-8EA9-B9E5E2986F32}.Release|Any CPU.ActiveCfg = Release|Any CPU
		{167C1E1A-B992-4725-8EA9-B9E5E2986F32}.Release|Any CPU.Build.0 = Release|Any CPU
		{8C1F4DCF-2DD2-4280-846D-9138698C1FC5}.Debug|Any CPU.ActiveCfg = Debug|Any CPU
		{8C1F4DCF-2DD2-4280-846D-9138698C1FC5}.Debug|Any CPU.Build.0 = Debug|Any CPU
		{8C1F4DCF-2DD2-4280-846D-9138698C1FC5}.Release|Any CPU.ActiveCfg = Release|Any CPU
		{8C1F4DCF-2DD2-4280-846D-9138698C1FC5}.Release|Any CPU.Build.0 = Release|Any CPU
	EndGlobalSection
	GlobalSection(SolutionProperties) = preSolution
		HideSolutionNode = FALSE
	EndGlobalSection
	GlobalSection(ExtensibilityGlobals) = postSolution
		SolutionGuid = {E227110D-D3BB-465F-83A6-70174450BBA8}
	EndGlobalSection
EndGlobal
