
Microsoft Visual Studio Solution File, Format Version 12.00
# Visual Studio Version 16
VisualStudioVersion = 16.0.31515.178
MinimumVisualStudioVersion = 10.0.40219.1
Project("{9A19103F-16F7-4668-BE54-9A1E7A4F7556}") = "BANK_ACCOUNT", "less_2\BANK_ACCOUNT.csproj", "{66F43C20-EEE6-45E9-B9FC-6C39BA41E5C9}"
EndProject
Global
	GlobalSection(SolutionConfigurationPlatforms) = preSolution
		Debug|Any CPU = Debug|Any CPU
		Release|Any CPU = Release|Any CPU
	EndGlobalSection
	GlobalSection(ProjectConfigurationPlatforms) = postSolution
		{66F43C20-EEE6-45E9-B9FC-6C39BA41E5C9}.Debug|Any CPU.ActiveCfg = Debug|Any CPU
		{66F43C20-EEE6-45E9-B9FC-6C39BA41E5C9}.Debug|Any CPU.Build.0 = Debug|Any CPU
		{66F43C20-EEE6-45E9-B9FC-6C39BA41E5C9}.Release|Any CPU.ActiveCfg = Release|Any CPU
		{66F43C20-EEE6-45E9-B9FC-6C39BA41E5C9}.Release|Any CPU.Build.0 = Release|Any CPU
	EndGlobalSection
	GlobalSection(SolutionProperties) = preSolution
		HideSolutionNode = FALSE
	EndGlobalSection
	GlobalSection(ExtensibilityGlobals) = postSolution
		SolutionGuid = {7C0B4460-D199-4C79-BD12-6193340A3C20}
	EndGlobalSection
EndGlobal
